// !$*UTF8*$!
{
	archiveVersion = 1;
	classes = {
	};
	objectVersion = 46;
	objects = {

/* Begin PBXBuildFile section */
		981744311933296B00729A23 /* Foundation.framework in Frameworks */ = {isa = PBXBuildFile; fileRef = 981744301933296B00729A23 /* Foundation.framework */; };
		981744331933296B00729A23 /* CoreGraphics.framework in Frameworks */ = {isa = PBXBuildFile; fileRef = 981744321933296B00729A23 /* CoreGraphics.framework */; };
		981744351933296B00729A23 /* UIKit.framework in Frameworks */ = {isa = PBXBuildFile; fileRef = 981744341933296B00729A23 /* UIKit.framework */; };
		9817443B1933296B00729A23 /* InfoPlist.strings in Resources */ = {isa = PBXBuildFile; fileRef = 981744391933296B00729A23 /* InfoPlist.strings */; };
		9817443D1933296B00729A23 /* main.m in Sources */ = {isa = PBXBuildFile; fileRef = 9817443C1933296B00729A23 /* main.m */; };
		981744411933296B00729A23 /* TableTamplateAppDelegate.m in Sources */ = {isa = PBXBuildFile; fileRef = 981744401933296B00729A23 /* TableTamplateAppDelegate.m */; };
		981744441933296B00729A23 /* Main.storyboard in Resources */ = {isa = PBXBuildFile; fileRef = 981744421933296B00729A23 /* Main.storyboard */; };
		981744471933296B00729A23 /* TableTamplateViewController.m in Sources */ = {isa = PBXBuildFile; fileRef = 981744461933296B00729A23 /* TableTamplateViewController.m */; };
		981744491933296B00729A23 /* Images.xcassets in Resources */ = {isa = PBXBuildFile; fileRef = 981744481933296B00729A23 /* Images.xcassets */; };
		981744501933296B00729A23 /* XCTest.framework in Frameworks */ = {isa = PBXBuildFile; fileRef = 9817444F1933296B00729A23 /* XCTest.framework */; };
		981744511933296B00729A23 /* Foundation.framework in Frameworks */ = {isa = PBXBuildFile; fileRef = 981744301933296B00729A23 /* Foundation.framework */; };
		981744521933296B00729A23 /* UIKit.framework in Frameworks */ = {isa = PBXBuildFile; fileRef = 981744341933296B00729A23 /* UIKit.framework */; };
		9817445A1933296B00729A23 /* InfoPlist.strings in Resources */ = {isa = PBXBuildFile; fileRef = 981744581933296B00729A23 /* InfoPlist.strings */; };
		9817445C1933296B00729A23 /* TableViewTests.m in Sources */ = {isa = PBXBuildFile; fileRef = 9817445B1933296B00729A23 /* TableViewTests.m */; };
/* End PBXBuildFile section */

/* Begin PBXContainerItemProxy section */
		981744531933296B00729A23 /* PBXContainerItemProxy */ = {
			isa = PBXContainerItemProxy;
			containerPortal = 981744251933296B00729A23 /* Project object */;
			proxyType = 1;
			remoteGlobalIDString = 9817442C1933296B00729A23;
			remoteInfo = TableView;
		};
/* End PBXContainerItemProxy section */

/* Begin PBXFileReference section */
		9817442D1933296B00729A23 /* TableView.app */ = {isa = PBXFileReference; explicitFileType = wrapper.application; includeInIndex = 0; path = TableView.app; sourceTree = BUILT_PRODUCTS_DIR; };
		981744301933296B00729A23 /* Foundation.framework */ = {isa = PBXFileReference; lastKnownFileType = wrapper.framework; name = Foundation.framework; path = System/Library/Frameworks/Foundation.framework; sourceTree = SDKROOT; };
		981744321933296B00729A23 /* CoreGraphics.framework */ = {isa = PBXFileReference; lastKnownFileType = wrapper.framework; name = CoreGraphics.framework; path = System/Library/Frameworks/CoreGraphics.framework; sourceTree = SDKROOT; };
		981744341933296B00729A23 /* UIKit.framework */ = {isa = PBXFileReference; lastKnownFileType = wrapper.framework; name = UIKit.framework; path = System/Library/Frameworks/UIKit.framework; sourceTree = SDKROOT; };
		981744381933296B00729A23 /* TableView-Info.plist */ = {isa = PBXFileReference; lastKnownFileType = text.plist.xml; path = "TableView-Info.plist"; sourceTree = "<group>"; };
		9817443A1933296B00729A23 /* en */ = {isa = PBXFileReference; lastKnownFileType = text.plist.strings; name = en; path = en.lproj/InfoPlist.strings; sourceTree = "<group>"; };
		9817443C1933296B00729A23 /* main.m */ = {isa = PBXFileReference; lastKnownFileType = sourcecode.c.objc; path = main.m; sourceTree = "<group>"; };
		9817443E1933296B00729A23 /* TableView-Prefix.pch */ = {isa = PBXFileReference; lastKnownFileType = sourcecode.c.h; path = "TableView-Prefix.pch"; sourceTree = "<group>"; };
		9817443F1933296B00729A23 /* TableTamplateAppDelegate.h */ = {isa = PBXFileReference; lastKnownFileType = sourcecode.c.h; path = TableTamplateAppDelegate.h; sourceTree = "<group>"; };
		981744401933296B00729A23 /* TableTamplateAppDelegate.m */ = {isa = PBXFileReference; lastKnownFileType = sourcecode.c.objc; path = TableTamplateAppDelegate.m; sourceTree = "<group>"; };
		981744431933296B00729A23 /* Base */ = {isa = PBXFileReference; lastKnownFileType = file.storyboard; name = Base; path = Base.lproj/Main.storyboard; sourceTree = "<group>"; };
		981744451933296B00729A23 /* TableTamplateViewController.h */ = {isa = PBXFileReference; lastKnownFileType = sourcecode.c.h; path = TableTamplateViewController.h; sourceTree = "<group>"; };
		981744461933296B00729A23 /* TableTamplateViewController.m */ = {isa = PBXFileReference; lastKnownFileType = sourcecode.c.objc; path = TableTamplateViewController.m; sourceTree = "<group>"; };
		981744481933296B00729A23 /* Images.xcassets */ = {isa = PBXFileReference; lastKnownFileType = folder.assetcatalog; path = Images.xcassets; sourceTree = "<group>"; };
		9817444E1933296B00729A23 /* TableViewTests.xctest */ = {isa = PBXFileReference; explicitFileType = wrapper.cfbundle; includeInIndex = 0; path = TableViewTests.xctest; sourceTree = BUILT_PRODUCTS_DIR; };
		9817444F1933296B00729A23 /* XCTest.framework */ = {isa = PBXFileReference; lastKnownFileType = wrapper.framework; name = XCTest.framework; path = Library/Frameworks/XCTest.framework; sourceTree = DEVELOPER_DIR; };
		981744571933296B00729A23 /* TableViewTests-Info.plist */ = {isa = PBXFileReference; lastKnownFileType = text.plist.xml; path = "TableViewTests-Info.plist"; sourceTree = "<group>"; };
		981744591933296B00729A23 /* en */ = {isa = PBXFileReference; lastKnownFileType = text.plist.strings; name = en; path = en.lproj/InfoPlist.strings; sourceTree = "<group>"; };
		9817445B1933296B00729A23 /* TableViewTests.m */ = {isa = PBXFileReference; lastKnownFileType = sourcecode.c.objc; path = TableViewTests.m; sourceTree = "<group>"; };
/* End PBXFileReference section */

/* Begin PBXFrameworksBuildPhase section */
		9817442A1933296B00729A23 /* Frameworks */ = {
			isa = PBXFrameworksBuildPhase;
			buildActionMask = 2147483647;
			files = (
				981744331933296B00729A23 /* CoreGraphics.framework in Frameworks */,
				981744351933296B00729A23 /* UIKit.framework in Frameworks */,
				981744311933296B00729A23 /* Foundation.framework in Frameworks */,
			);
			runOnlyForDeploymentPostprocessing = 0;
		};
		9817444B1933296B00729A23 /* Frameworks */ = {
			isa = PBXFrameworksBuildPhase;
			buildActionMask = 2147483647;
			files = (
				981744501933296B00729A23 /* XCTest.framework in Frameworks */,
				981744521933296B00729A23 /* UIKit.framework in Frameworks */,
				981744511933296B00729A23 /* Foundation.framework in Frameworks */,
			);
			runOnlyForDeploymentPostprocessing = 0;
		};
/* End PBXFrameworksBuildPhase section */

/* Begin PBXGroup section */
		981744241933296B00729A23 = {
			isa = PBXGroup;
			children = (
				981744361933296B00729A23 /* TableView */,
				981744551933296B00729A23 /* TableViewTests */,
				9817442F1933296B00729A23 /* Frameworks */,
				9817442E1933296B00729A23 /* Products */,
			);
			sourceTree = "<group>";
		};
		9817442E1933296B00729A23 /* Products */ = {
			isa = PBXGroup;
			children = (
				9817442D1933296B00729A23 /* TableView.app */,
				9817444E1933296B00729A23 /* TableViewTests.xctest */,
			);
			name = Products;
			sourceTree = "<group>";
		};
		9817442F1933296B00729A23 /* Frameworks */ = {
			isa = PBXGroup;
			children = (
				981744301933296B00729A23 /* Foundation.framework */,
				981744321933296B00729A23 /* CoreGraphics.framework */,
				981744341933296B00729A23 /* UIKit.framework */,
				9817444F1933296B00729A23 /* XCTest.framework */,
			);
			name = Frameworks;
			sourceTree = "<group>";
		};
		981744361933296B00729A23 /* TableView */ = {
			isa = PBXGroup;
			children = (
				9817443F1933296B00729A23 /* TableTamplateAppDelegate.h */,
				981744401933296B00729A23 /* TableTamplateAppDelegate.m */,
				981744421933296B00729A23 /* Main.storyboard */,
				981744451933296B00729A23 /* TableTamplateViewController.h */,
				981744461933296B00729A23 /* TableTamplateViewController.m */,
				981744481933296B00729A23 /* Images.xcassets */,
				981744371933296B00729A23 /* Supporting Files */,
			);
			path = TableView;
			sourceTree = "<group>";
		};
		981744371933296B00729A23 /* Supporting Files */ = {
			isa = PBXGroup;
			children = (
				981744381933296B00729A23 /* TableView-Info.plist */,
				981744391933296B00729A23 /* InfoPlist.strings */,
				9817443C1933296B00729A23 /* main.m */,
				9817443E1933296B00729A23 /* TableView-Prefix.pch */,
			);
			name = "Supporting Files";
			sourceTree = "<group>";
		};
		981744551933296B00729A23 /* TableViewTests */ = {
			isa = PBXGroup;
			children = (
				9817445B1933296B00729A23 /* TableViewTests.m */,
				981744561933296B00729A23 /* Supporting Files */,
			);
			path = TableViewTests;
			sourceTree = "<group>";
		};
		981744561933296B00729A23 /* Supporting Files */ = {
			isa = PBXGroup;
			children = (
				981744571933296B00729A23 /* TableViewTests-Info.plist */,
				981744581933296B00729A23 /* InfoPlist.strings */,
			);
			name = "Supporting Files";
			sourceTree = "<group>";
		};
/* End PBXGroup section */

/* Begin PBXNativeTarget section */
		9817442C1933296B00729A23 /* TableView */ = {
			isa = PBXNativeTarget;
			buildConfigurationList = 9817445F1933296B00729A23 /* Build configuration list for PBXNativeTarget "TableView" */;
			buildPhases = (
				981744291933296B00729A23 /* Sources */,
				9817442A1933296B00729A23 /* Frameworks */,
				9817442B1933296B00729A23 /* Resources */,
			);
			buildRules = (
			);
			dependencies = (
			);
			name = TableView;
			productName = TableView;
			productReference = 9817442D1933296B00729A23 /* TableView.app */;
			productType = "com.apple.product-type.application";
		};
		9817444D1933296B00729A23 /* TableViewTests */ = {
			isa = PBXNativeTarget;
			buildConfigurationList = 981744621933296B00729A23 /* Build configuration list for PBXNativeTarget "TableViewTests" */;
			buildPhases = (
				9817444A1933296B00729A23 /* Sources */,
				9817444B1933296B00729A23 /* Frameworks */,
				9817444C1933296B00729A23 /* Resources */,
			);
			buildRules = (
			);
			dependencies = (
				981744541933296B00729A23 /* PBXTargetDependency */,
			);
			name = TableViewTests;
			productName = TableViewTests;
			productReference = 9817444E1933296B00729A23 /* TableViewTests.xctest */;
			productType = "com.apple.product-type.bundle.unit-test";
		};
/* End PBXNativeTarget section */

/* Begin PBXProject section */
		981744251933296B00729A23 /* Project object */ = {
			isa = PBXProject;
			attributes = {
				CLASSPREFIX = TableTamplate;
				LastUpgradeCheck = 0510;
				ORGANIZATIONNAME = appscomb;
				TargetAttributes = {
					9817444D1933296B00729A23 = {
						TestTargetID = 9817442C1933296B00729A23;
					};
				};
			};
			buildConfigurationList = 981744281933296B00729A23 /* Build configuration list for PBXProject "TableView" */;
			compatibilityVersion = "Xcode 3.2";
			developmentRegion = English;
			hasScannedForEncodings = 0;
			knownRegions = (
				en,
				Base,
			);
			mainGroup = 981744241933296B00729A23;
			productRefGroup = 9817442E1933296B00729A23 /* Products */;
			projectDirPath = "";
			projectRoot = "";
			targets = (
				9817442C1933296B00729A23 /* TableView */,
				9817444D1933296B00729A23 /* TableViewTests */,
			);
		};
/* End PBXProject section */

/* Begin PBXResourcesBuildPhase section */
		9817442B1933296B00729A23 /* Resources */ = {
			isa = PBXResourcesBuildPhase;
			buildActionMask = 2147483647;
			files = (
				981744491933296B00729A23 /* Images.xcassets in Resources */,
				9817443B1933296B00729A23 /* InfoPlist.strings in Resources */,
				981744441933296B00729A23 /* Main.storyboard in Resources */,
			);
			runOnlyForDeploymentPostprocessing = 0;
		};
		9817444C1933296B00729A23 /* Resources */ = {
			isa = PBXResourcesBuildPhase;
			buildActionMask = 2147483647;
			files = (
				9817445A1933296B00729A23 /* InfoPlist.strings in Resources */,
			);
			runOnlyForDeploymentPostprocessing = 0;
		};
/* End PBXResourcesBuildPhase section */

/* Begin PBXSourcesBuildPhase section */
		981744291933296B00729A23 /* Sources */ = {
			isa = PBXSourcesBuildPhase;
			buildActionMask = 2147483647;
			files = (
				9817443D1933296B00729A23 /* main.m in Sources */,
				981744411933296B00729A23 /* TableTamplateAppDelegate.m in Sources */,
				981744471933296B00729A23 /* TableTamplateViewController.m in Sources */,
			);
			runOnlyForDeploymentPostprocessing = 0;
		};
		9817444A1933296B00729A23 /* Sources */ = {
			isa = PBXSourcesBuildPhase;
			buildActionMask = 2147483647;
			files = (
				9817445C1933296B00729A23 /* TableViewTests.m in Sources */,
			);
			runOnlyForDeploymentPostprocessing = 0;
		};
/* End PBXSourcesBuildPhase section */

/* Begin PBXTargetDependency section */
		981744541933296B00729A23 /* PBXTargetDependency */ = {
			isa = PBXTargetDependency;
			target = 9817442C1933296B00729A23 /* TableView */;
			targetProxy = 981744531933296B00729A23 /* PBXContainerItemProxy */;
		};
/* End PBXTargetDependency section */

/* Begin PBXVariantGroup section */
		981744391933296B00729A23 /* InfoPlist.strings */ = {
			isa = PBXVariantGroup;
			children = (
				9817443A1933296B00729A23 /* en */,
			);
			name = InfoPlist.strings;
			sourceTree = "<group>";
		};
		981744421933296B00729A23 /* Main.storyboard */ = {
			isa = PBXVariantGroup;
			children = (
				981744431933296B00729A23 /* Base */,
			);
			name = Main.storyboard;
			sourceTree = "<group>";
		};
		981744581933296B00729A23 /* InfoPlist.strings */ = {
			isa = PBXVariantGroup;
			children = (
				981744591933296B00729A23 /* en */,
			);
			name = InfoPlist.strings;
			sourceTree = "<group>";
		};
/* End PBXVariantGroup section */

/* Begin XCBuildConfiguration section */
		9817445D1933296B00729A23 /* Debug */ = {
			isa = XCBuildConfiguration;
			buildSettings = {
				ALWAYS_SEARCH_USER_PATHS = NO;
				CLANG_CXX_LANGUAGE_STANDARD = "gnu++0x";
				CLANG_CXX_LIBRARY = "libc++";
				CLANG_ENABLE_MODULES = YES;
				CLANG_ENABLE_OBJC_ARC = YES;
				CLANG_WARN_BOOL_CONVERSION = YES;
				CLANG_WARN_CONSTANT_CONVERSION = YES;
				CLANG_WARN_DIRECT_OBJC_ISA_USAGE = YES_ERROR;
				CLANG_WARN_EMPTY_BODY = YES;
				CLANG_WARN_ENUM_CONVERSION = YES;
				CLANG_WARN_INT_CONVERSION = YES;
				CLANG_WARN_OBJC_ROOT_CLASS = YES_ERROR;
				CLANG_WARN__DUPLICATE_METHOD_MATCH = YES;
				"CODE_SIGN_IDENTITY[sdk=iphoneos*]" = "iPhone Developer";
				COPY_PHASE_STRIP = NO;
				GCC_C_LANGUAGE_STANDARD = gnu99;
				GCC_DYNAMIC_NO_PIC = NO;
				GCC_OPTIMIZATION_LEVEL = 0;
				GCC_PREPROCESSOR_DEFINITIONS = (
					"DEBUG=1",
					"$(inherited)",
				);
				GCC_SYMBOLS_PRIVATE_EXTERN = NO;
				GCC_WARN_64_TO_32_BIT_CONVERSION = YES;
				GCC_WARN_ABOUT_RETURN_TYPE = YES_ERROR;
				GCC_WARN_UNDECLARED_SELECTOR = YES;
				GCC_WARN_UNINITIALIZED_AUTOS = YES_AGGRESSIVE;
				GCC_WARN_UNUSED_FUNCTION = YES;
				GCC_WARN_UNUSED_VARIABLE = YES;
				IPHONEOS_DEPLOYMENT_TARGET = 7.1;
				ONLY_ACTIVE_ARCH = YES;
				SDKROOT = iphoneos;
			};
			name = Debug;
		};
		9817445E1933296B00729A23 /* Release */ = {
			isa = XCBuildConfiguration;
			buildSettings = {
				ALWAYS_SEARCH_USER_PATHS = NO;
				CLANG_CXX_LANGUAGE_STANDARD = "gnu++0x";
				CLANG_CXX_LIBRARY = "libc++";
				CLANG_ENABLE_MODULES = YES;
				CLANG_ENABLE_OBJC_ARC = YES;
				CLANG_WARN_BOOL_CONVERSION = YES;
				CLANG_WARN_CONSTANT_CONVERSION = YES;
				CLANG_WARN_DIRECT_OBJC_ISA_USAGE = YES_ERROR;
				CLANG_WARN_EMPTY_BODY = YES;
				CLANG_WARN_ENUM_CONVERSION = YES;
				CLANG_WARN_INT_CONVERSION = YES;
				CLANG_WARN_OBJC_ROOT_CLASS = YES_ERROR;
				CLANG_WARN__DUPLICATE_METHOD_MATCH = YES;
				"CODE_SIGN_IDENTITY[sdk=iphoneos*]" = "iPhone Developer";
				COPY_PHASE_STRIP = YES;
				ENABLE_NS_ASSERTIONS = NO;
				GCC_C_LANGUAGE_STANDARD = gnu99;
				GCC_WARN_64_TO_32_BIT_CONVERSION = YES;
				GCC_WARN_ABOUT_RETURN_TYPE = YES_ERROR;
				GCC_WARN_UNDECLARED_SELECTOR = YES;
				GCC_WARN_UNINITIALIZED_AUTOS = YES_AGGRESSIVE;
				GCC_WARN_UNUSED_FUNCTION = YES;
				GCC_WARN_UNUSED_VARIABLE = YES;
				IPHONEOS_DEPLOYMENT_TARGET = 7.1;
				SDKROOT = iphoneos;
				VALIDATE_PRODUCT = YES;
			};
			name = Release;
		};
		981744601933296B00729A23 /* Debug */ = {
			isa = XCBuildConfiguration;
			buildSettings = {
				ASSETCATALOG_COMPILER_APPICON_NAME = AppIcon;
				ASSETCATALOG_COMPILER_LAUNCHIMAGE_NAME = LaunchImage;
				GCC_PRECOMPILE_PREFIX_HEADER = YES;
				GCC_PREFIX_HEADER = "TableView/TableView-Prefix.pch";
				INFOPLIST_FILE = "TableView/TableView-Info.plist";
				PRODUCT_NAME = "$(TARGET_NAME)";
				WRAPPER_EXTENSION = app;
			};
			name = Debug;
		};
		981744611933296B00729A23 /* Release */ = {
			isa = XCBuildConfiguration;
			buildSettings = {
				ASSETCATALOG_COMPILER_APPICON_NAME = AppIcon;
				ASSETCATALOG_COMPILER_LAUNCHIMAGE_NAME = LaunchImage;
				GCC_PRECOMPILE_PREFIX_HEADER = YES;
				GCC_PREFIX_HEADER = "TableView/TableView-Prefix.pch";
				INFOPLIST_FILE = "TableView/TableView-Info.plist";
				PRODUCT_NAME = "$(TARGET_NAME)";
				WRAPPER_EXTENSION = app;
			};
			name = Release;
		};
		981744631933296B00729A23 /* Debug */ = {
			isa = XCBuildConfiguration;
			buildSettings = {
				BUNDLE_LOADER = "$(BUILT_PRODUCTS_DIR)/TableView.app/TableView";
				FRAMEWORK_SEARCH_PATHS = (
					"$(SDKROOT)/Developer/Library/Frameworks",
					"$(inherited)",
					"$(DEVELOPER_FRAMEWORKS_DIR)",
				);
				GCC_PRECOMPILE_PREFIX_HEADER = YES;
				GCC_PREFIX_HEADER = "TableView/TableView-Prefix.pch";
				GCC_PREPROCESSOR_DEFINITIONS = (
					"DEBUG=1",
					"$(inherited)",
				);
				INFOPLIST_FILE = "TableViewTests/TableViewTests-Info.plist";
				PRODUCT_NAME = "$(TARGET_NAME)";
				TEST_HOST = "$(BUNDLE_LOADER)";
				WRAPPER_EXTENSION = xctest;
			};
			name = Debug;
		};
		981744641933296B00729A23 /* Release */ = {
			isa = XCBuildConfiguration;
			buildSettings = {
				BUNDLE_LOADER = "$(BUILT_PRODUCTS_DIR)/TableView.app/TableView";
				FRAMEWORK_SEARCH_PATHS = (
					"$(SDKROOT)/Developer/Library/Frameworks",
					"$(inherited)",
					"$(DEVELOPER_FRAMEWORKS_DIR)",
				);
				GCC_PRECOMPILE_PREFIX_HEADER = YES;
				GCC_PREFIX_HEADER = "TableView/TableView-Prefix.pch";
				INFOPLIST_FILE = "TableViewTests/TableViewTests-Info.plist";
				PRODUCT_NAME = "$(TARGET_NAME)";
				TEST_HOST = "$(BUNDLE_LOADER)";
				WRAPPER_EXTENSION = xctest;
			};
			name = Release;
		};
/* End XCBuildConfiguration section */

/* Begin XCConfigurationList section */
		981744281933296B00729A23 /* Build configuration list for PBXProject "TableView" */ = {
			isa = XCConfigurationList;
			buildConfigurations = (
				9817445D1933296B00729A23 /* Debug */,
				9817445E1933296B00729A23 /* Release */,
			);
			defaultConfigurationIsVisible = 0;
			defaultConfigurationName = Release;
		};
		9817445F1933296B00729A23 /* Build configuration list for PBXNativeTarget "TableView" */ = {
			isa = XCConfigurationList;
			buildConfigurations = (
				981744601933296B00729A23 /* Debug */,
				981744611933296B00729A23 /* Release */,
			);
			defaultConfigurationIsVisible = 0;
		};
		981744621933296B00729A23 /* Build configuration list for PBXNativeTarget "TableViewTests" */ = {
			isa = XCConfigurationList;
			buildConfigurations = (
				981744631933296B00729A23 /* Debug */,
				981744641933296B00729A23 /* Release */,
			);
			defaultConfigurationIsVisible = 0;
		};
/* End XCConfigurationList section */
	};
	rootObject = 981744251933296B00729A23 /* Project object */;
}
